
Microsoft Visual Studio Solution File, Format Version 11.00
# Visual Studio 2010
Project("{FAE04EC0-301F-11D3-BF4B-00C04F79EFBC}") = "SES.Core", "core\SES.Core.csproj", "{0B8F6DD3-C95D-4BF8-ACDA-C84351A2B824}"
EndProject
Project("{FAE04EC0-301F-11D3-BF4B-00C04F79EFBC}") = "SES.Tests", "tests\SES.Tests.csproj", "{44C04911-552B-4784-B191-51EAAF81533A}"
EndProject
Global
	GlobalSection(SolutionConfigurationPlatforms) = preSolution
		Debug|Any CPU = Debug|Any CPU
		Debug|Mixed Platforms = Debug|Mixed Platforms
		Debug|x86 = Debug|x86
		Release|Any CPU = Release|Any CPU
		Release|Mixed Platforms = Release|Mixed Platforms
		Release|x86 = Release|x86
	EndGlobalSection
	GlobalSection(ProjectConfigurationPlatforms) = postSolution
		{0B8F6DD3-C95D-4BF8-ACDA-C84351A2B824}.Debug|Any CPU.ActiveCfg = Debug|Any CPU
		{0B8F6DD3-C95D-4BF8-ACDA-C84351A2B824}.Debug|Any CPU.Build.0 = Debug|Any CPU
		{0B8F6DD3-C95D-4BF8-ACDA-C84351A2B824}.Debug|Mixed Platforms.ActiveCfg = Debug|Any CPU
		{0B8F6DD3-C95D-4BF8-ACDA-C84351A2B824}.Debug|Mixed Platforms.Build.0 = Debug|Any CPU
		{0B8F6DD3-C95D-4BF8-ACDA-C84351A2B824}.Debug|x86.ActiveCfg = Debug|Any CPU
		{0B8F6DD3-C95D-4BF8-ACDA-C84351A2B824}.Release|Any CPU.ActiveCfg = Release|Any CPU
		{0B8F6DD3-C95D-4BF8-ACDA-C84351A2B824}.Release|Any CPU.Build.0 = Release|Any CPU
		{0B8F6DD3-C95D-4BF8-ACDA-C84351A2B824}.Release|Mixed Platforms.ActiveCfg = Release|Any CPU
		{0B8F6DD3-C95D-4BF8-ACDA-C84351A2B824}.Release|Mixed Platforms.Build.0 = Release|Any CPU
		{0B8F6DD3-C95D-4BF8-ACDA-C84351A2B824}.Release|x86.ActiveCfg = Release|Any CPU
		{44C04911-552B-4784-B191-51EAAF81533A}.Debug|Any CPU.ActiveCfg = Debug|x86
		{44C04911-552B-4784-B191-51EAAF81533A}.Debug|Mixed Platforms.ActiveCfg = Debug|x86
		{44C04911-552B-4784-B191-51EAAF81533A}.Debug|Mixed Platforms.Build.0 = Debug|x86
		{44C04911-552B-4784-B191-51EAAF81533A}.Debug|x86.ActiveCfg = Debug|x86
		{44C04911-552B-4784-B191-51EAAF81533A}.Debug|x86.Build.0 = Debug|x86
		{44C04911-552B-4784-B191-51EAAF81533A}.Release|Any CPU.ActiveCfg = Release|x86
		{44C04911-552B-4784-B191-51EAAF81533A}.Release|Mixed Platforms.ActiveCfg = Release|x86
		{44C04911-552B-4784-B191-51EAAF81533A}.Release|Mixed Platforms.Build.0 = Release|x86
		{44C04911-552B-4784-B191-51EAAF81533A}.Release|x86.ActiveCfg = Release|x86
		{44C04911-552B-4784-B191-51EAAF81533A}.Release|x86.Build.0 = Release|x86
	EndGlobalSection
	GlobalSection(SolutionProperties) = preSolution
		HideSolutionNode = FALSE
	EndGlobalSection
EndGlobal
